
Microsoft Visual Studio Solution File, Format Version 12.00
# Visual Studio Version 17
VisualStudioVersion = 17.3.32929.385
MinimumVisualStudioVersion = 10.0.40219.1
Project("{FAE04EC0-301F-11D3-BF4B-00C04F79EFBC}") = "SCGT42_CW_SEA19004582_Gareth_Searle", "SCGT42_CW_SEA19004582_Gareth_Searle\SCGT42_CW_SEA19004582_Gareth_Searle.csproj", "{E1256EA0-1EAD-46BA-AFB3-B7BDD4388FCA}"
EndProject
Global
	GlobalSection(SolutionConfigurationPlatforms) = preSolution
		Debug|Any CPU = Debug|Any CPU
		Release|Any CPU = Release|Any CPU
	EndGlobalSection
	GlobalSection(ProjectConfigurationPlatforms) = postSolution
		{E1256EA0-1EAD-46BA-AFB3-B7BDD4388FCA}.Debug|Any CPU.ActiveCfg = Debug|Any CPU
		{E1256EA0-1EAD-46BA-AFB3-B7BDD4388FCA}.Debug|Any CPU.Build.0 = Debug|Any CPU
		{E1256EA0-1EAD-46BA-AFB3-B7BDD4388FCA}.Release|Any CPU.ActiveCfg = Release|Any CPU
		{E1256EA0-1EAD-46BA-AFB3-B7BDD4388FCA}.Release|Any CPU.Build.0 = Release|Any CPU
	EndGlobalSection
	GlobalSection(SolutionProperties) = preSolution
		HideSolutionNode = FALSE
	EndGlobalSection
	GlobalSection(ExtensibilityGlobals) = postSolution
		SolutionGuid = {43910BA7-8A60-4CF7-A09A-C44E67A28782}
	EndGlobalSection
EndGlobal
